
Microsoft Visual Studio Solution File, Format Version 12.00
# Visual Studio Version 17
VisualStudioVersion = 17.5.33530.505
MinimumVisualStudioVersion = 10.0.40219.1
Project("{FAE04EC0-301F-11D3-BF4B-00C04F79EFBC}") = "OrnekUygulama", "OrnekUygulama.csproj", "{6A0C99E2-5FF0-4F87-8BB7-35AD0EF699A8}"
EndProject
Global
	GlobalSection(SolutionConfigurationPlatforms) = preSolution
		Debug|Any CPU = Debug|Any CPU
		Release|Any CPU = Release|Any CPU
	EndGlobalSection
	GlobalSection(ProjectConfigurationPlatforms) = postSolution
		{6A0C99E2-5FF0-4F87-8BB7-35AD0EF699A8}.Debug|Any CPU.ActiveCfg = Debug|Any CPU
		{6A0C99E2-5FF0-4F87-8BB7-35AD0EF699A8}.Debug|Any CPU.Build.0 = Debug|Any CPU
		{6A0C99E2-5FF0-4F87-8BB7-35AD0EF699A8}.Release|Any CPU.ActiveCfg = Release|Any CPU
		{6A0C99E2-5FF0-4F87-8BB7-35AD0EF699A8}.Release|Any CPU.Build.0 = Release|Any CPU
	EndGlobalSection
	GlobalSection(SolutionProperties) = preSolution
		HideSolutionNode = FALSE
	EndGlobalSection
	GlobalSection(ExtensibilityGlobals) = postSolution
		SolutionGuid = {74A73DBD-98F7-4E4F-9C33-71DFBC781709}
	EndGlobalSection
EndGlobal
