
Microsoft Visual Studio Solution File, Format Version 12.00
# Visual Studio Version 17
VisualStudioVersion = 17.5.33530.505
MinimumVisualStudioVersion = 10.0.40219.1
Project("{FAE04EC0-301F-11D3-BF4B-00C04F79EFBC}") = "OrnekUygulama", "OrnekUygulama.csproj", "{7D401205-93F8-4834-B8BC-99D47BBC461E}"
EndProject
Global
	GlobalSection(SolutionConfigurationPlatforms) = preSolution
		Debug|Any CPU = Debug|Any CPU
		Release|Any CPU = Release|Any CPU
	EndGlobalSection
	GlobalSection(ProjectConfigurationPlatforms) = postSolution
		{7D401205-93F8-4834-B8BC-99D47BBC461E}.Debug|Any CPU.ActiveCfg = Debug|Any CPU
		{7D401205-93F8-4834-B8BC-99D47BBC461E}.Debug|Any CPU.Build.0 = Debug|Any CPU
		{7D401205-93F8-4834-B8BC-99D47BBC461E}.Release|Any CPU.ActiveCfg = Release|Any CPU
		{7D401205-93F8-4834-B8BC-99D47BBC461E}.Release|Any CPU.Build.0 = Release|Any CPU
	EndGlobalSection
	GlobalSection(SolutionProperties) = preSolution
		HideSolutionNode = FALSE
	EndGlobalSection
	GlobalSection(ExtensibilityGlobals) = postSolution
		SolutionGuid = {6225418D-652A-4FC6-A338-65F11963F1F9}
	EndGlobalSection
EndGlobal
