
Microsoft Visual Studio Solution File, Format Version 12.00
# Visual Studio Version 17
VisualStudioVersion = 17.5.33530.505
MinimumVisualStudioVersion = 10.0.40219.1
Project("{FAE04EC0-301F-11D3-BF4B-00C04F79EFBC}") = "OrnekUygulama", "OrnekUygulama.csproj", "{15778948-A84C-4755-B831-9BC8DDA47E7A}"
EndProject
Global
	GlobalSection(SolutionConfigurationPlatforms) = preSolution
		Debug|Any CPU = Debug|Any CPU
		Release|Any CPU = Release|Any CPU
	EndGlobalSection
	GlobalSection(ProjectConfigurationPlatforms) = postSolution
		{15778948-A84C-4755-B831-9BC8DDA47E7A}.Debug|Any CPU.ActiveCfg = Debug|Any CPU
		{15778948-A84C-4755-B831-9BC8DDA47E7A}.Debug|Any CPU.Build.0 = Debug|Any CPU
		{15778948-A84C-4755-B831-9BC8DDA47E7A}.Release|Any CPU.ActiveCfg = Release|Any CPU
		{15778948-A84C-4755-B831-9BC8DDA47E7A}.Release|Any CPU.Build.0 = Release|Any CPU
	EndGlobalSection
	GlobalSection(SolutionProperties) = preSolution
		HideSolutionNode = FALSE
	EndGlobalSection
	GlobalSection(ExtensibilityGlobals) = postSolution
		SolutionGuid = {A3EA3991-9D36-435B-BB15-23A5F1ACA89F}
	EndGlobalSection
EndGlobal
