
Microsoft Visual Studio Solution File, Format Version 12.00
# Visual Studio Version 17
VisualStudioVersion = 17.6.33829.357
MinimumVisualStudioVersion = 10.0.40219.1
Project("{FAE04EC0-301F-11D3-BF4B-00C04F79EFBC}") = "LayoutExample", "LayoutExample.csproj", "{832B1104-9A67-47AC-8B28-4F30C48A8786}"
EndProject
Global
	GlobalSection(SolutionConfigurationPlatforms) = preSolution
		Debug|Any CPU = Debug|Any CPU
		Release|Any CPU = Release|Any CPU
	EndGlobalSection
	GlobalSection(ProjectConfigurationPlatforms) = postSolution
		{832B1104-9A67-47AC-8B28-4F30C48A8786}.Debug|Any CPU.ActiveCfg = Debug|Any CPU
		{832B1104-9A67-47AC-8B28-4F30C48A8786}.Debug|Any CPU.Build.0 = Debug|Any CPU
		{832B1104-9A67-47AC-8B28-4F30C48A8786}.Release|Any CPU.ActiveCfg = Release|Any CPU
		{832B1104-9A67-47AC-8B28-4F30C48A8786}.Release|Any CPU.Build.0 = Release|Any CPU
	EndGlobalSection
	GlobalSection(SolutionProperties) = preSolution
		HideSolutionNode = FALSE
	EndGlobalSection
	GlobalSection(ExtensibilityGlobals) = postSolution
		SolutionGuid = {53DCDFF6-E512-4123-B4E5-FD82B1DB96D3}
	EndGlobalSection
EndGlobal
