
Microsoft Visual Studio Solution File, Format Version 12.00
# Visual Studio Version 17
VisualStudioVersion = 17.7.34024.191
MinimumVisualStudioVersion = 10.0.40219.1
Project("{FAE04EC0-301F-11D3-BF4B-00C04F79EFBC}") = "ModulerTasarimYapilanmasi", "ModulerTasarimYapilanmasi.csproj", "{A5AEDE9A-EEC3-44E7-9629-90BB39765A0D}"
EndProject
Global
	GlobalSection(SolutionConfigurationPlatforms) = preSolution
		Debug|Any CPU = Debug|Any CPU
		Release|Any CPU = Release|Any CPU
	EndGlobalSection
	GlobalSection(ProjectConfigurationPlatforms) = postSolution
		{A5AEDE9A-EEC3-44E7-9629-90BB39765A0D}.Debug|Any CPU.ActiveCfg = Debug|Any CPU
		{A5AEDE9A-EEC3-44E7-9629-90BB39765A0D}.Debug|Any CPU.Build.0 = Debug|Any CPU
		{A5AEDE9A-EEC3-44E7-9629-90BB39765A0D}.Release|Any CPU.ActiveCfg = Release|Any CPU
		{A5AEDE9A-EEC3-44E7-9629-90BB39765A0D}.Release|Any CPU.Build.0 = Release|Any CPU
	EndGlobalSection
	GlobalSection(SolutionProperties) = preSolution
		HideSolutionNode = FALSE
	EndGlobalSection
	GlobalSection(ExtensibilityGlobals) = postSolution
		SolutionGuid = {A3EF2CD2-C0E8-4DA9-87A5-799D5EEFA00C}
	EndGlobalSection
EndGlobal
