
Microsoft Visual Studio Solution File, Format Version 12.00
# Visual Studio Version 17
VisualStudioVersion = 17.6.33815.320
MinimumVisualStudioVersion = 10.0.40219.1
Project("{FAE04EC0-301F-11D3-BF4B-00C04F79EFBC}") = "OrnekUygulama", "OrnekUygulama.csproj", "{9748A3CE-1C27-4CA0-BCB7-3C7F6E7077A3}"
EndProject
Global
	GlobalSection(SolutionConfigurationPlatforms) = preSolution
		Debug|Any CPU = Debug|Any CPU
		Release|Any CPU = Release|Any CPU
	EndGlobalSection
	GlobalSection(ProjectConfigurationPlatforms) = postSolution
		{9748A3CE-1C27-4CA0-BCB7-3C7F6E7077A3}.Debug|Any CPU.ActiveCfg = Debug|Any CPU
		{9748A3CE-1C27-4CA0-BCB7-3C7F6E7077A3}.Debug|Any CPU.Build.0 = Debug|Any CPU
		{9748A3CE-1C27-4CA0-BCB7-3C7F6E7077A3}.Release|Any CPU.ActiveCfg = Release|Any CPU
		{9748A3CE-1C27-4CA0-BCB7-3C7F6E7077A3}.Release|Any CPU.Build.0 = Release|Any CPU
	EndGlobalSection
	GlobalSection(SolutionProperties) = preSolution
		HideSolutionNode = FALSE
	EndGlobalSection
	GlobalSection(ExtensibilityGlobals) = postSolution
		SolutionGuid = {3B6F033B-68E6-4B8A-A7DD-3D68F42B23E9}
	EndGlobalSection
EndGlobal
