
Microsoft Visual Studio Solution File, Format Version 12.00
# Visual Studio Version 17
VisualStudioVersion = 17.6.33829.357
MinimumVisualStudioVersion = 10.0.40219.1
Project("{FAE04EC0-301F-11D3-BF4B-00C04F79EFBC}") = "OrnekUygulama", "OrnekUygulama.csproj", "{83AC5B99-A321-44F2-96DC-0E8D214A21BA}"
EndProject
Global
	GlobalSection(SolutionConfigurationPlatforms) = preSolution
		Debug|Any CPU = Debug|Any CPU
		Release|Any CPU = Release|Any CPU
	EndGlobalSection
	GlobalSection(ProjectConfigurationPlatforms) = postSolution
		{83AC5B99-A321-44F2-96DC-0E8D214A21BA}.Debug|Any CPU.ActiveCfg = Debug|Any CPU
		{83AC5B99-A321-44F2-96DC-0E8D214A21BA}.Debug|Any CPU.Build.0 = Debug|Any CPU
		{83AC5B99-A321-44F2-96DC-0E8D214A21BA}.Release|Any CPU.ActiveCfg = Release|Any CPU
		{83AC5B99-A321-44F2-96DC-0E8D214A21BA}.Release|Any CPU.Build.0 = Release|Any CPU
	EndGlobalSection
	GlobalSection(SolutionProperties) = preSolution
		HideSolutionNode = FALSE
	EndGlobalSection
	GlobalSection(ExtensibilityGlobals) = postSolution
		SolutionGuid = {2AB767B8-E910-4127-B907-56BC99255614}
	EndGlobalSection
EndGlobal
