
Microsoft Visual Studio Solution File, Format Version 12.00
# Visual Studio Version 17
VisualStudioVersion = 17.6.33829.357
MinimumVisualStudioVersion = 10.0.40219.1
Project("{FAE04EC0-301F-11D3-BF4B-00C04F79EFBC}") = "OrnekUygulama", "OrnekUygulama.csproj", "{3F7AB9DD-04B4-4765-95A5-AC8F67D42836}"
EndProject
Global
	GlobalSection(SolutionConfigurationPlatforms) = preSolution
		Debug|Any CPU = Debug|Any CPU
		Release|Any CPU = Release|Any CPU
	EndGlobalSection
	GlobalSection(ProjectConfigurationPlatforms) = postSolution
		{3F7AB9DD-04B4-4765-95A5-AC8F67D42836}.Debug|Any CPU.ActiveCfg = Debug|Any CPU
		{3F7AB9DD-04B4-4765-95A5-AC8F67D42836}.Debug|Any CPU.Build.0 = Debug|Any CPU
		{3F7AB9DD-04B4-4765-95A5-AC8F67D42836}.Release|Any CPU.ActiveCfg = Release|Any CPU
		{3F7AB9DD-04B4-4765-95A5-AC8F67D42836}.Release|Any CPU.Build.0 = Release|Any CPU
	EndGlobalSection
	GlobalSection(SolutionProperties) = preSolution
		HideSolutionNode = FALSE
	EndGlobalSection
	GlobalSection(ExtensibilityGlobals) = postSolution
		SolutionGuid = {8D7965CD-E0E7-4C63-B887-2B7CBDA5E5ED}
	EndGlobalSection
EndGlobal
