
Microsoft Visual Studio Solution File, Format Version 12.00
# Visual Studio Version 17
VisualStudioVersion = 17.6.33829.357
MinimumVisualStudioVersion = 10.0.40219.1
Project("{FAE04EC0-301F-11D3-BF4B-00C04F79EFBC}") = "OrnekUygulama", "OrnekUygulama.csproj", "{53A08D1A-93AC-4946-A32F-E1F4EF076052}"
EndProject
Global
	GlobalSection(SolutionConfigurationPlatforms) = preSolution
		Debug|Any CPU = Debug|Any CPU
		Release|Any CPU = Release|Any CPU
	EndGlobalSection
	GlobalSection(ProjectConfigurationPlatforms) = postSolution
		{53A08D1A-93AC-4946-A32F-E1F4EF076052}.Debug|Any CPU.ActiveCfg = Debug|Any CPU
		{53A08D1A-93AC-4946-A32F-E1F4EF076052}.Debug|Any CPU.Build.0 = Debug|Any CPU
		{53A08D1A-93AC-4946-A32F-E1F4EF076052}.Release|Any CPU.ActiveCfg = Release|Any CPU
		{53A08D1A-93AC-4946-A32F-E1F4EF076052}.Release|Any CPU.Build.0 = Release|Any CPU
	EndGlobalSection
	GlobalSection(SolutionProperties) = preSolution
		HideSolutionNode = FALSE
	EndGlobalSection
	GlobalSection(ExtensibilityGlobals) = postSolution
		SolutionGuid = {D02671C0-A84E-47C1-A73D-5079D2A34B48}
	EndGlobalSection
EndGlobal
